schema: '2.0'
stages:
  train:
    cmd: python3 src/train.py
    deps:
    - path: data/images/
      md5: 0ebacd64e04c0e4a97d8fa48a4d707e6.dir
      size: 35401667
      nfiles: 70000
    - path: src/train.py
      md5: 905f9fdc90781e63c6b01035984399cc
      size: 3463
    params:
      params.yaml:
        model.conv_units: 16
        train.epochs: 10
    outs:
    - path: logs.csv
      md5: 3b3269c759739fa582476f2b00a25f70
      size: 864
    - path: metrics.json
      md5: efe3e0d1735562f4f660444c9507adcf
      size: 56
    - path: models/model.h5
      md5: 4363944c58a09c337f6239bceccf0afb
      size: 8363240
